{
  "version": 4,
  "terraform_version": "1.12.2",
  "serial": 29,
  "lineage": "e66be8d0-4de5-a4ed-7981-f0d24d19ecfd",
  "outputs": {
    "api_endpoint": {
      "value": [
        {
          "ip_address_type": "",
          "types": [
            "REGIONAL"
          ],
          "vpc_endpoint_ids": []
        }
      ],
      "type": [
        "list",
        [
          "object",
          {
            "ip_address_type": "string",
            "types": [
              "list",
              "string"
            ],
            "vpc_endpoint_ids": [
              "set",
              "string"
            ]
          }
        ]
      ]
    }
  },
  "resources": [
    {
      "module": "module.api_gateway",
      "mode": "managed",
      "type": "aws_api_gateway_authorizer",
      "name": "cognito",
      "provider": "provider[\"registry.terraform.io/hashicorp/aws\"]",
      "instances": [
        {
          "schema_version": 0,
          "attributes": {
            "arn": "arn:aws:apigateway:eu-west-3::/restapis/7xbriqlunl/authorizers/2a214e",
            "authorizer_credentials": "",
            "authorizer_result_ttl_in_seconds": 300,
            "authorizer_uri": "",
            "id": "2a214e",
            "identity_source": "method.request.header.Authorization",
            "identity_validation_expression": "",
            "name": "my-app-cognito-authorizer-local",
            "provider_arns": [
              "arn:aws:cognito-idp:eu-west-3:000000000000:userpool/eu-west-3_9tyN1YsF6"
            ],
            "region": "eu-west-3",
            "rest_api_id": "7xbriqlunl",
            "type": "COGNITO_USER_POOLS"
          },
          "sensitive_attributes": [],
          "identity_schema_version": 0,
          "private": "bnVsbA==",
          "dependencies": [
            "module.api_gateway.aws_api_gateway_rest_api.main",
            "module.api_gateway.data.aws_caller_identity.current"
          ],
          "create_before_destroy": true
        }
      ]
    },
    {
      "module": "module.api_gateway",
      "mode": "managed",
      "type": "aws_api_gateway_deployment",
      "name": "main",
      "provider": "provider[\"registry.terraform.io/hashicorp/aws\"]",
      "instances": [
        {
          "schema_version": 0,
          "attributes": {
            "created_date": "2025-07-11T14:48:57Z",
            "description": "",
            "id": "mlvdxc6day",
            "region": "eu-west-3",
            "rest_api_id": "7xbriqlunl",
            "triggers": {
              "redeployment": "302e54a358be5a3eaa5887227858665a7989fb09"
            },
            "variables": null
          },
          "sensitive_attributes": [],
          "identity_schema_version": 0,
          "private": "bnVsbA==",
          "dependencies": [
            "module.api_gateway.aws_api_gateway_authorizer.cognito",
            "module.api_gateway.aws_api_gateway_integration.any_proxy",
            "module.api_gateway.aws_api_gateway_method.any_proxy",
            "module.api_gateway.aws_api_gateway_resource.proxy",
            "module.api_gateway.aws_api_gateway_rest_api.main",
            "module.api_gateway.aws_api_gateway_vpc_link.main",
            "module.api_gateway.data.aws_caller_identity.current"
          ],
          "create_before_destroy": true
        }
      ]
    },
    {
      "module": "module.api_gateway",
      "mode": "managed",
      "type": "aws_api_gateway_integration",
      "name": "any_proxy",
      "provider": "provider[\"registry.terraform.io/hashicorp/aws\"]",
      "instances": [
        {
          "schema_version": 0,
          "attributes": {
            "cache_key_parameters": [],
            "cache_namespace": "poedrymgxy",
            "connection_id": "",
            "connection_type": "VPC_LINK",
            "content_handling": "",
            "credentials": "",
            "http_method": "ANY",
            "id": "agi-7xbriqlunl-poedrymgxy-ANY",
            "integration_http_method": "ANY",
            "passthrough_behavior": "WHEN_NO_TEMPLATES",
            "region": "eu-west-3",
            "request_parameters": {
              "integration.request.header.X-Forwarded-For": "method.request.header.X-Forwarded-For",
              "integration.request.header.X-Forwarded-Host": "context.domainName",
              "integration.request.header.X-Forwarded-Proto": "method.request.header.X-Forwarded-Proto",
              "integration.request.path.proxy": "method.request.path.proxy"
            },
            "request_templates": {},
            "resource_id": "poedrymgxy",
            "rest_api_id": "7xbriqlunl",
            "timeout_milliseconds": 29000,
            "tls_config": [],
            "type": "HTTP_PROXY",
            "uri": "http://host.docker.internal:4000/{proxy}"
          },
          "sensitive_attributes": [],
          "identity_schema_version": 0,
          "private": "bnVsbA==",
          "dependencies": [
            "module.api_gateway.aws_api_gateway_authorizer.cognito",
            "module.api_gateway.aws_api_gateway_method.any_proxy",
            "module.api_gateway.aws_api_gateway_resource.proxy",
            "module.api_gateway.aws_api_gateway_rest_api.main",
            "module.api_gateway.aws_api_gateway_vpc_link.main",
            "module.api_gateway.data.aws_caller_identity.current"
          ],
          "create_before_destroy": true
        }
      ]
    },
    {
      "module": "module.api_gateway",
      "mode": "managed",
      "type": "aws_api_gateway_integration",
      "name": "options_proxy",
      "provider": "provider[\"registry.terraform.io/hashicorp/aws\"]",
      "instances": [
        {
          "schema_version": 0,
          "attributes": {
            "cache_key_parameters": [],
            "cache_namespace": "poedrymgxy",
            "connection_id": "",
            "connection_type": "INTERNET",
            "content_handling": "",
            "credentials": "",
            "http_method": "OPTIONS",
            "id": "agi-7xbriqlunl-poedrymgxy-OPTIONS",
            "integration_http_method": "",
            "passthrough_behavior": "WHEN_NO_MATCH",
            "region": "eu-west-3",
            "request_parameters": {},
            "request_templates": {
              "application/json": "{\"statusCode\": 200}"
            },
            "resource_id": "poedrymgxy",
            "rest_api_id": "7xbriqlunl",
            "timeout_milliseconds": 29000,
            "tls_config": [],
            "type": "MOCK",
            "uri": ""
          },
          "sensitive_attributes": [],
          "identity_schema_version": 0,
          "private": "bnVsbA==",
          "dependencies": [
            "module.api_gateway.aws_api_gateway_method.options_proxy",
            "module.api_gateway.aws_api_gateway_resource.proxy",
            "module.api_gateway.aws_api_gateway_rest_api.main"
          ]
        }
      ]
    },
    {
      "module": "module.api_gateway",
      "mode": "managed",
      "type": "aws_api_gateway_integration_response",
      "name": "options_proxy",
      "provider": "provider[\"registry.terraform.io/hashicorp/aws\"]",
      "instances": [
        {
          "schema_version": 0,
          "attributes": {
            "content_handling": "",
            "http_method": "OPTIONS",
            "id": "agir-7xbriqlunl-poedrymgxy-OPTIONS-200",
            "region": "eu-west-3",
            "resource_id": "poedrymgxy",
            "response_parameters": {
              "method.response.header.Access-Control-Allow-Credentials": "'true'",
              "method.response.header.Access-Control-Allow-Headers": "'Content-Type,X-Amz-Date,Authorization,X-Api-Key,X-Amz-Security-Token,fdi-version,rid,st-auth-mode'",
              "method.response.header.Access-Control-Allow-Methods": "'DELETE,GET,HEAD,OPTIONS,PATCH,POST,PUT'",
              "method.response.header.Access-Control-Allow-Origin": "'http://localhost:3000'"
            },
            "response_templates": {},
            "rest_api_id": "7xbriqlunl",
            "selection_pattern": "",
            "status_code": "200"
          },
          "sensitive_attributes": [],
          "identity_schema_version": 0,
          "private": "bnVsbA==",
          "dependencies": [
            "module.api_gateway.aws_api_gateway_integration.options_proxy",
            "module.api_gateway.aws_api_gateway_method.options_proxy",
            "module.api_gateway.aws_api_gateway_method_response.options_proxy",
            "module.api_gateway.aws_api_gateway_resource.proxy",
            "module.api_gateway.aws_api_gateway_rest_api.main"
          ]
        }
      ]
    },
    {
      "module": "module.api_gateway",
      "mode": "managed",
      "type": "aws_api_gateway_method",
      "name": "any_proxy",
      "provider": "provider[\"registry.terraform.io/hashicorp/aws\"]",
      "instances": [
        {
          "schema_version": 0,
          "attributes": {
            "api_key_required": false,
            "authorization": "COGNITO_USER_POOLS",
            "authorization_scopes": [],
            "authorizer_id": "2a214e",
            "http_method": "ANY",
            "id": "agm-7xbriqlunl-poedrymgxy-ANY",
            "operation_name": "",
            "region": "eu-west-3",
            "request_models": {},
            "request_parameters": {
              "method.request.header.X-Forwarded-For": false,
              "method.request.header.X-Forwarded-Host": false,
              "method.request.header.X-Forwarded-Proto": false,
              "method.request.path.proxy": true
            },
            "request_validator_id": "",
            "resource_id": "poedrymgxy",
            "rest_api_id": "7xbriqlunl"
          },
          "sensitive_attributes": [],
          "identity_schema_version": 0,
          "private": "bnVsbA==",
          "dependencies": [
            "module.api_gateway.aws_api_gateway_authorizer.cognito",
            "module.api_gateway.aws_api_gateway_resource.proxy",
            "module.api_gateway.aws_api_gateway_rest_api.main",
            "module.api_gateway.data.aws_caller_identity.current"
          ],
          "create_before_destroy": true
        }
      ]
    },
    {
      "module": "module.api_gateway",
      "mode": "managed",
      "type": "aws_api_gateway_method",
      "name": "options_proxy",
      "provider": "provider[\"registry.terraform.io/hashicorp/aws\"]",
      "instances": [
        {
          "schema_version": 0,
          "attributes": {
            "api_key_required": false,
            "authorization": "NONE",
            "authorization_scopes": [],
            "authorizer_id": "",
            "http_method": "OPTIONS",
            "id": "agm-7xbriqlunl-poedrymgxy-OPTIONS",
            "operation_name": "",
            "region": "eu-west-3",
            "request_models": {},
            "request_parameters": {},
            "request_validator_id": "",
            "resource_id": "poedrymgxy",
            "rest_api_id": "7xbriqlunl"
          },
          "sensitive_attributes": [],
          "identity_schema_version": 0,
          "private": "bnVsbA==",
          "dependencies": [
            "module.api_gateway.aws_api_gateway_resource.proxy",
            "module.api_gateway.aws_api_gateway_rest_api.main"
          ]
        }
      ]
    },
    {
      "module": "module.api_gateway",
      "mode": "managed",
      "type": "aws_api_gateway_method_response",
      "name": "options_proxy",
      "provider": "provider[\"registry.terraform.io/hashicorp/aws\"]",
      "instances": [
        {
          "schema_version": 0,
          "attributes": {
            "http_method": "OPTIONS",
            "id": "agmr-7xbriqlunl-poedrymgxy-OPTIONS-200",
            "region": "eu-west-3",
            "resource_id": "poedrymgxy",
            "response_models": {
              "application/json": "Empty"
            },
            "response_parameters": {
              "method.response.header.Access-Control-Allow-Credentials": false,
              "method.response.header.Access-Control-Allow-Headers": false,
              "method.response.header.Access-Control-Allow-Methods": false,
              "method.response.header.Access-Control-Allow-Origin": false
            },
            "rest_api_id": "7xbriqlunl",
            "status_code": "200"
          },
          "sensitive_attributes": [],
          "identity_schema_version": 0,
          "private": "bnVsbA==",
          "dependencies": [
            "module.api_gateway.aws_api_gateway_method.options_proxy",
            "module.api_gateway.aws_api_gateway_resource.proxy",
            "module.api_gateway.aws_api_gateway_rest_api.main"
          ]
        }
      ]
    },
    {
      "module": "module.api_gateway",
      "mode": "managed",
      "type": "aws_api_gateway_resource",
      "name": "proxy",
      "provider": "provider[\"registry.terraform.io/hashicorp/aws\"]",
      "instances": [
        {
          "schema_version": 0,
          "attributes": {
            "id": "poedrymgxy",
            "parent_id": "7saf3weucg",
            "path": "/{proxy+}",
            "path_part": "{proxy+}",
            "region": "eu-west-3",
            "rest_api_id": "7xbriqlunl"
          },
          "sensitive_attributes": [],
          "identity_schema_version": 0,
          "private": "bnVsbA==",
          "dependencies": [
            "module.api_gateway.aws_api_gateway_rest_api.main"
          ],
          "create_before_destroy": true
        }
      ]
    },
    {
      "module": "module.api_gateway",
      "mode": "managed",
      "type": "aws_api_gateway_rest_api",
      "name": "main",
      "provider": "provider[\"registry.terraform.io/hashicorp/aws\"]",
      "instances": [
        {
          "schema_version": 0,
          "attributes": {
            "api_key_source": "HEADER",
            "arn": "arn:aws:apigateway:eu-west-3::/restapis/7xbriqlunl",
            "binary_media_types": [],
            "body": null,
            "created_date": "2025-07-11T14:48:57Z",
            "description": "REST API Gateway for my-app in local, receive request from fontend and pass them through to the main service in the backend",
            "disable_execute_api_endpoint": false,
            "endpoint_configuration": [
              {
                "ip_address_type": "",
                "types": [
                  "REGIONAL"
                ],
                "vpc_endpoint_ids": []
              }
            ],
            "execution_arn": "arn:aws:execute-api:eu-west-3::7xbriqlunl",
            "fail_on_warnings": null,
            "id": "7xbriqlunl",
            "minimum_compression_size": "",
            "name": "my-app-api-gateway-local",
            "parameters": null,
            "policy": "",
            "put_rest_api_mode": null,
            "region": "eu-west-3",
            "root_resource_id": "7saf3weucg",
            "tags": {},
            "tags_all": {}
          },
          "sensitive_attributes": [],
          "identity_schema_version": 0,
          "private": "bnVsbA==",
          "create_before_destroy": true
        }
      ]
    },
    {
      "module": "module.api_gateway",
      "mode": "managed",
      "type": "aws_api_gateway_stage",
      "name": "main",
      "provider": "provider[\"registry.terraform.io/hashicorp/aws\"]",
      "instances": [
        {
          "schema_version": 0,
          "attributes": {
            "access_log_settings": [],
            "arn": "arn:aws:apigateway:eu-west-3::/restapis/7xbriqlunl/stages/local",
            "cache_cluster_enabled": false,
            "cache_cluster_size": "",
            "canary_settings": [],
            "client_certificate_id": "",
            "deployment_id": "mlvdxc6day",
            "description": "",
            "documentation_version": "",
            "execution_arn": "arn:aws:execute-api:eu-west-3::7xbriqlunl/local",
            "id": "ags-7xbriqlunl-local",
            "invoke_url": "https://7xbriqlunl.execute-api.eu-west-3.amazonaws.com/local",
            "region": "eu-west-3",
            "rest_api_id": "7xbriqlunl",
            "stage_name": "local",
            "tags": {},
            "tags_all": {},
            "variables": {},
            "web_acl_arn": "",
            "xray_tracing_enabled": true
          },
          "sensitive_attributes": [],
          "identity_schema_version": 0,
          "private": "bnVsbA==",
          "dependencies": [
            "module.api_gateway.aws_api_gateway_authorizer.cognito",
            "module.api_gateway.aws_api_gateway_deployment.main",
            "module.api_gateway.aws_api_gateway_integration.any_proxy",
            "module.api_gateway.aws_api_gateway_method.any_proxy",
            "module.api_gateway.aws_api_gateway_resource.proxy",
            "module.api_gateway.aws_api_gateway_rest_api.main",
            "module.api_gateway.aws_api_gateway_vpc_link.main",
            "module.api_gateway.data.aws_caller_identity.current"
          ]
        }
      ]
    },
    {
      "module": "module.api_gateway",
      "mode": "managed",
      "type": "aws_api_gateway_vpc_link",
      "name": "main",
      "provider": "provider[\"registry.terraform.io/hashicorp/aws\"]",
      "instances": [
        {
          "schema_version": 0,
          "attributes": {
            "arn": "arn:aws:apigateway:eu-west-3::/vpclinks/379be7dc",
            "description": "",
            "id": "379be7dc",
            "name": "",
            "region": "eu-west-3",
            "tags": null,
            "tags_all": {},
            "target_arns": []
          },
          "sensitive_attributes": [],
          "identity_schema_version": 0,
          "private": "bnVsbA==",
          "create_before_destroy": true
        }
      ]
    }
  ],
  "check_results": null
}
