{
  "version": 4,
  "terraform_version": "1.12.2",
  "serial": 68,
  "lineage": "89f16493-5284-b22b-dba0-410c49e082b5",
  "outputs": {
    "api_gateway_custom_domain_cloudfront": {
      "value": "",
      "type": "string"
    },
    "api_gateway_custom_domain_name": {
      "value": "api.rockilus.com",
      "type": "string"
    },
    "api_gateway_endpoint": {
      "value": "https://api.rockilus.com",
      "type": "string"
    },
    "api_gateway_id": {
      "value": "eh8g5ncbm6",
      "type": "string"
    },
    "cognito_user_pool_arn": {
      "value": "arn:aws:cognito-idp:eu-west-3:590183915149:userpool/eu-west-3_9tyN1YsF6",
      "type": "string"
    },
    "cognito_user_pool_client_id": {
      "value": "2rccpq0s894f6a66d1hmimship",
      "type": "string"
    },
    "cognito_user_pool_domain": {
      "value": "eu-west-39tyn1ysf6",
      "type": "string"
    },
    "cognito_user_pool_endpoint": {
      "value": "cognito-idp.eu-west-3.amazonaws.com/eu-west-3_9tyN1YsF6",
      "type": "string"
    },
    "cognito_user_pool_id": {
      "value": "eu-west-3_9tyN1YsF6",
      "type": "string"
    },
    "dns_deployment_info": {
      "value": {
        "certificate_arn": "arn:aws:acm:eu-west-3:590183915149:certificate/c0489045-dd62-46fc-bfcc-f686bb79eb3d",
        "certificate_status": "PENDING_VALIDATION",
        "domain_name": "rockilus.com",
        "hosted_zone_id": "Z08275991X8QSJKGZI3UD",
        "name_servers": [
          "ns-1307.awsdns-35.org",
          "ns-1924.awsdns-48.co.uk",
          "ns-418.awsdns-52.com",
          "ns-752.awsdns-30.net"
        ]
      },
      "type": [
        "object",
        {
          "certificate_arn": "string",
          "certificate_status": "string",
          "domain_name": "string",
          "hosted_zone_id": "string",
          "name_servers": [
            "list",
            "string"
          ]
        }
      ]
    },
    "route53_domain_name": {
      "value": "rockilus.com",
      "type": "string"
    },
    "route53_hosted_zone_id": {
      "value": "Z08275991X8QSJKGZI3UD",
      "type": "string"
    },
    "route53_name_servers": {
      "value": [
        "ns-1307.awsdns-35.org",
        "ns-1924.awsdns-48.co.uk",
        "ns-418.awsdns-52.com",
        "ns-752.awsdns-30.net"
      ],
      "type": [
        "list",
        "string"
      ]
    },
    "ssl_certificate_arn": {
      "value": "arn:aws:acm:eu-west-3:590183915149:certificate/c0489045-dd62-46fc-bfcc-f686bb79eb3d",
      "type": "string"
    },
    "ssl_certificate_status": {
      "value": "PENDING_VALIDATION",
      "type": "string"
    }
  },
  "resources": [
    {
      "module": "module.api_gateway",
      "mode": "data",
      "type": "aws_caller_identity",
      "name": "current",
      "provider": "provider[\"registry.terraform.io/hashicorp/aws\"]",
      "instances": [
        {
          "index_key": 0,
          "schema_version": 0,
          "attributes": {
            "account_id": "590183915149",
            "arn": "arn:aws:sts::590183915149:assumed-role/AWSReservedSSO_AdministratorAccess_87f0f0014962d16a/felipe_kharaba",
            "id": "590183915149",
            "user_id": "AROAYS2NT32G3P2E6GWO7:felipe_kharaba"
          },
          "sensitive_attributes": [],
          "identity_schema_version": 0
        }
      ]
    },
    {
      "module": "module.api_gateway",
      "mode": "managed",
      "type": "aws_api_gateway_authorizer",
      "name": "cognito",
      "provider": "provider[\"registry.terraform.io/hashicorp/aws\"]",
      "instances": [
        {
          "schema_version": 0,
          "attributes": {
            "arn": "arn:aws:apigateway:eu-west-3::/restapis/eh8g5ncbm6/authorizers/1z70c1",
            "authorizer_credentials": "",
            "authorizer_result_ttl_in_seconds": 300,
            "authorizer_uri": "",
            "id": "1z70c1",
            "identity_source": "method.request.header.Authorization",
            "identity_validation_expression": "",
            "name": "rockilus-cognito-authorizer-prod",
            "provider_arns": [
              "arn:aws:cognito-idp:eu-west-3:590183915149:userpool/eu-west-3_9tyN1YsF6"
            ],
            "rest_api_id": "eh8g5ncbm6",
            "type": "COGNITO_USER_POOLS"
          },
          "sensitive_attributes": [],
          "identity_schema_version": 0,
          "private": "bnVsbA==",
          "dependencies": [
            "module.api_gateway.aws_api_gateway_rest_api.main",
            "module.api_gateway.aws_ssm_parameter.backend_api_key",
            "module.api_gateway.data.aws_caller_identity.current",
            "module.api_gateway.random_password.backend_api_key",
            "module.cognito.aws_cognito_user_pool.main",
            "module.cognito.module.post_confirmation_lambda.aws_iam_role.cognito_trigger_lambda_role",
            "module.cognito.module.post_confirmation_lambda.aws_iam_role_policy.ssm_access",
            "module.cognito.module.post_confirmation_lambda.aws_iam_role_policy_attachment.lambda_logs",
            "module.cognito.module.post_confirmation_lambda.aws_lambda_function.post_confirmation_trigger",
            "module.cognito.module.post_confirmation_lambda.aws_lambda_permission.allow_cognito",
            "module.cognito.module.post_confirmation_lambda.data.archive_file.lambda_zip",
            "module.cognito.module.post_confirmation_lambda.data.aws_ssm_parameter.backend_api_key"
          ],
          "create_before_destroy": true
        }
      ]
    },
    {
      "module": "module.api_gateway",
      "mode": "managed",
      "type": "aws_api_gateway_base_path_mapping",
      "name": "custom",
      "provider": "provider[\"registry.terraform.io/hashicorp/aws\"]",
      "instances": [
        {
          "index_key": 0,
          "schema_version": 0,
          "attributes": {
            "api_id": "eh8g5ncbm6",
            "base_path": "",
            "domain_name": "api.rockilus.com",
            "domain_name_id": "",
            "id": "api.rockilus.com/",
            "stage_name": "dev_0"
          },
          "sensitive_attributes": [],
          "identity_schema_version": 0,
          "private": "eyJzY2hlbWFfdmVyc2lvbiI6IjAifQ=="
        }
      ]
    },
    {
      "module": "module.api_gateway",
      "mode": "managed",
      "type": "aws_api_gateway_deployment",
      "name": "main",
      "provider": "provider[\"registry.terraform.io/hashicorp/aws\"]",
      "instances": [
        {
          "schema_version": 0,
          "attributes": {
            "canary_settings": [],
            "created_date": "2025-07-17T09:24:07Z",
            "description": "",
            "execution_arn": "arn:aws:execute-api:eu-west-3:590183915149:eh8g5ncbm6/",
            "id": "81k32o",
            "invoke_url": "https://eh8g5ncbm6.execute-api.eu-west-3.amazonaws.com/",
            "rest_api_id": "eh8g5ncbm6",
            "stage_description": null,
            "stage_name": null,
            "triggers": {
              "redeployment": "641ce6e1abf1eb995ddad35e8da17e424766ed2f"
            },
            "variables": null
          },
          "sensitive_attributes": [],
          "identity_schema_version": 0,
          "private": "bnVsbA==",
          "dependencies": [
            "module.api_gateway.aws_api_gateway_authorizer.cognito",
            "module.api_gateway.aws_api_gateway_integration.any_proxy",
            "module.api_gateway.aws_api_gateway_method.any_proxy",
            "module.api_gateway.aws_api_gateway_resource.proxy",
            "module.api_gateway.aws_api_gateway_rest_api.main",
            "module.api_gateway.aws_api_gateway_vpc_link.main",
            "module.api_gateway.aws_ssm_parameter.backend_api_key",
            "module.api_gateway.data.aws_caller_identity.current",
            "module.api_gateway.random_password.backend_api_key",
            "module.cognito.aws_cognito_user_pool.main",
            "module.cognito.module.post_confirmation_lambda.aws_iam_role.cognito_trigger_lambda_role",
            "module.cognito.module.post_confirmation_lambda.aws_iam_role_policy.ssm_access",
            "module.cognito.module.post_confirmation_lambda.aws_iam_role_policy_attachment.lambda_logs",
            "module.cognito.module.post_confirmation_lambda.aws_lambda_function.post_confirmation_trigger",
            "module.cognito.module.post_confirmation_lambda.aws_lambda_permission.allow_cognito",
            "module.cognito.module.post_confirmation_lambda.data.archive_file.lambda_zip",
            "module.cognito.module.post_confirmation_lambda.data.aws_ssm_parameter.backend_api_key"
          ],
          "create_before_destroy": true
        }
      ]
    },
    {
      "module": "module.api_gateway",
      "mode": "managed",
      "type": "aws_api_gateway_domain_name",
      "name": "custom",
      "provider": "provider[\"registry.terraform.io/hashicorp/aws\"]",
      "instances": [
        {
          "index_key": 0,
          "schema_version": 0,
          "attributes": {
            "arn": "arn:aws:apigateway:eu-west-3::/domainnames/api.rockilus.com",
            "certificate_arn": "",
            "certificate_body": null,
            "certificate_chain": null,
            "certificate_name": "",
            "certificate_private_key": null,
            "certificate_upload_date": "2025-07-08T17:15:32Z",
            "cloudfront_domain_name": "",
            "cloudfront_zone_id": "Z2FDTNDATAQYW2",
            "domain_name": "api.rockilus.com",
            "domain_name_id": "",
            "endpoint_configuration": [
              {
                "ip_address_type": "ipv4",
                "types": [
                  "REGIONAL"
                ]
              }
            ],
            "id": "api.rockilus.com",
            "mutual_tls_authentication": [],
            "ownership_verification_certificate_arn": "",
            "policy": "",
            "regional_certificate_arn": "arn:aws:acm:eu-west-3:590183915149:certificate/c0489045-dd62-46fc-bfcc-f686bb79eb3d",
            "regional_certificate_name": "",
            "regional_domain_name": "d-v2ipbmdzmi.execute-api.eu-west-3.amazonaws.com",
            "regional_zone_id": "Z3KY65QIEKYHQQ",
            "security_policy": "TLS_1_2",
            "tags": {
              "Compliance": "Healthcare",
              "Environment": "prod",
              "ManagedBy": "Terraform",
              "Project": "rockilus",
              "Purpose": "API Gateway Custom Domain"
            },
            "tags_all": {
              "Compliance": "Healthcare",
              "Environment": "prod",
              "ManagedBy": "Terraform",
              "Project": "rockilus",
              "Purpose": "API Gateway Custom Domain"
            }
          },
          "sensitive_attributes": [
            [
              {
                "type": "get_attr",
                "value": "certificate_private_key"
              }
            ]
          ],
          "identity_schema_version": 0,
          "private": "bnVsbA==",
          "dependencies": [
            "module.route53.aws_acm_certificate.main",
            "module.route53.aws_acm_certificate_validation.main",
            "module.route53.aws_route53_record.certificate_validation",
            "module.route53.aws_route53_zone.main"
          ]
        }
      ]
    },
    {
      "module": "module.api_gateway",
      "mode": "managed",
      "type": "aws_api_gateway_gateway_response",
      "name": "default_4xx",
      "provider": "provider[\"registry.terraform.io/hashicorp/aws\"]",
      "instances": [
        {
          "schema_version": 0,
          "attributes": {
            "id": "aggr-eh8g5ncbm6-DEFAULT_4XX",
            "response_parameters": {
              "gatewayresponse.header.Access-Control-Allow-Credentials": "'true'",
              "gatewayresponse.header.Access-Control-Allow-Headers": "'Content-Type,X-Amz-Date,Authorization,X-Api-Key,X-Amz-Security-Token,anti-csrf,fdi-version,rid,st-auth-mode,authorization'",
              "gatewayresponse.header.Access-Control-Allow-Methods": "'DELETE,GET,HEAD,OPTIONS,PATCH,POST,PUT'",
              "gatewayresponse.header.Access-Control-Allow-Origin": "'https://app.rockilus.com'"
            },
            "response_templates": {
              "application/json": "{\"message\":$context.error.messageString}\n"
            },
            "response_type": "DEFAULT_4XX",
            "rest_api_id": "eh8g5ncbm6",
            "status_code": ""
          },
          "sensitive_attributes": [],
          "identity_schema_version": 0,
          "private": "bnVsbA==",
          "dependencies": [
            "module.api_gateway.aws_api_gateway_rest_api.main"
          ]
        }
      ]
    },
    {
      "module": "module.api_gateway",
      "mode": "managed",
      "type": "aws_api_gateway_gateway_response",
      "name": "default_5xx",
      "provider": "provider[\"registry.terraform.io/hashicorp/aws\"]",
      "instances": [
        {
          "schema_version": 0,
          "attributes": {
            "id": "aggr-eh8g5ncbm6-DEFAULT_5XX",
            "response_parameters": {
              "gatewayresponse.header.Access-Control-Allow-Credentials": "'true'",
              "gatewayresponse.header.Access-Control-Allow-Headers": "'Content-Type,X-Amz-Date,Authorization,X-Api-Key,X-Amz-Security-Token,anti-csrf,fdi-version,rid,st-auth-mode,authorization'",
              "gatewayresponse.header.Access-Control-Allow-Methods": "'DELETE,GET,HEAD,OPTIONS,PATCH,POST,PUT'",
              "gatewayresponse.header.Access-Control-Allow-Origin": "'https://app.rockilus.com'"
            },
            "response_templates": {
              "application/json": "{\"message\":$context.error.messageString}\n"
            },
            "response_type": "DEFAULT_5XX",
            "rest_api_id": "eh8g5ncbm6",
            "status_code": ""
          },
          "sensitive_attributes": [],
          "identity_schema_version": 0,
          "private": "bnVsbA==",
          "dependencies": [
            "module.api_gateway.aws_api_gateway_rest_api.main"
          ]
        }
      ]
    },
    {
      "module": "module.api_gateway",
      "mode": "managed",
      "type": "aws_api_gateway_integration",
      "name": "any_proxy",
      "provider": "provider[\"registry.terraform.io/hashicorp/aws\"]",
      "instances": [
        {
          "schema_version": 0,
          "attributes": {
            "cache_key_parameters": [],
            "cache_namespace": "2ucuep",
            "connection_id": "7y2yvb",
            "connection_type": "VPC_LINK",
            "content_handling": "",
            "credentials": "",
            "http_method": "ANY",
            "id": "agi-eh8g5ncbm6-2ucuep-ANY",
            "integration_http_method": "ANY",
            "passthrough_behavior": "WHEN_NO_TEMPLATES",
            "request_parameters": {
              "integration.request.header.X-API-Key": "'zaorW49NCAG5QrfVlYU47KF8U0ZByFfc'",
              "integration.request.header.X-Forwarded-For": "method.request.header.X-Forwarded-For",
              "integration.request.header.X-Forwarded-Host": "context.domainName",
              "integration.request.header.X-Forwarded-Proto": "method.request.header.X-Forwarded-Proto",
              "integration.request.header.X-Request-ID": "context.requestId",
              "integration.request.header.X-Source-IP": "context.identity.sourceIp",
              "integration.request.header.X-User-Email": "context.authorizer.claims.email",
              "integration.request.header.X-User-Groups": "context.authorizer.claims['cognito:groups']",
              "integration.request.header.X-User-Sub": "context.authorizer.claims.sub",
              "integration.request.path.proxy": "method.request.path.proxy"
            },
            "request_templates": {},
            "resource_id": "2ucuep",
            "rest_api_id": "eh8g5ncbm6",
            "timeout_milliseconds": 29000,
            "tls_config": [],
            "type": "HTTP_PROXY",
            "uri": "http://apigateway-mainservice-nlb-62bd2bc2f54c4720.elb.eu-west-3.amazonaws.com/{proxy}"
          },
          "sensitive_attributes": [
            [
              {
                "type": "get_attr",
                "value": "request_parameters"
              },
              {
                "type": "index",
                "value": {
                  "value": "integration.request.header.X-API-Key",
                  "type": "string"
                }
              }
            ]
          ],
          "identity_schema_version": 0,
          "private": "bnVsbA==",
          "dependencies": [
            "module.api_gateway.aws_api_gateway_authorizer.cognito",
            "module.api_gateway.aws_api_gateway_method.any_proxy",
            "module.api_gateway.aws_api_gateway_resource.proxy",
            "module.api_gateway.aws_api_gateway_rest_api.main",
            "module.api_gateway.aws_api_gateway_vpc_link.main",
            "module.api_gateway.aws_ssm_parameter.backend_api_key",
            "module.api_gateway.data.aws_caller_identity.current",
            "module.api_gateway.random_password.backend_api_key",
            "module.cognito.aws_cognito_user_pool.main",
            "module.cognito.module.post_confirmation_lambda.aws_iam_role.cognito_trigger_lambda_role",
            "module.cognito.module.post_confirmation_lambda.aws_iam_role_policy.ssm_access",
            "module.cognito.module.post_confirmation_lambda.aws_iam_role_policy_attachment.lambda_logs",
            "module.cognito.module.post_confirmation_lambda.aws_lambda_function.post_confirmation_trigger",
            "module.cognito.module.post_confirmation_lambda.aws_lambda_permission.allow_cognito",
            "module.cognito.module.post_confirmation_lambda.data.archive_file.lambda_zip",
            "module.cognito.module.post_confirmation_lambda.data.aws_ssm_parameter.backend_api_key"
          ],
          "create_before_destroy": true
        }
      ]
    },
    {
      "module": "module.api_gateway",
      "mode": "managed",
      "type": "aws_api_gateway_integration",
      "name": "options_proxy",
      "provider": "provider[\"registry.terraform.io/hashicorp/aws\"]",
      "instances": [
        {
          "schema_version": 0,
          "attributes": {
            "cache_key_parameters": [],
            "cache_namespace": "2ucuep",
            "connection_id": "",
            "connection_type": "INTERNET",
            "content_handling": "",
            "credentials": "",
            "http_method": "OPTIONS",
            "id": "agi-eh8g5ncbm6-2ucuep-OPTIONS",
            "integration_http_method": "",
            "passthrough_behavior": "WHEN_NO_MATCH",
            "request_parameters": {},
            "request_templates": {
              "application/json": "{\"statusCode\": 200}"
            },
            "resource_id": "2ucuep",
            "rest_api_id": "eh8g5ncbm6",
            "timeout_milliseconds": 29000,
            "tls_config": [],
            "type": "MOCK",
            "uri": ""
          },
          "sensitive_attributes": [],
          "identity_schema_version": 0,
          "private": "eyJzY2hlbWFfdmVyc2lvbiI6IjAifQ==",
          "dependencies": [
            "module.api_gateway.aws_api_gateway_method.options_proxy",
            "module.api_gateway.aws_api_gateway_resource.proxy",
            "module.api_gateway.aws_api_gateway_rest_api.main"
          ]
        }
      ]
    },
    {
      "module": "module.api_gateway",
      "mode": "managed",
      "type": "aws_api_gateway_integration_response",
      "name": "any_proxy_200",
      "provider": "provider[\"registry.terraform.io/hashicorp/aws\"]",
      "instances": [
        {
          "schema_version": 0,
          "attributes": {
            "content_handling": "",
            "http_method": "ANY",
            "id": "agir-eh8g5ncbm6-2ucuep-ANY-200",
            "resource_id": "2ucuep",
            "response_parameters": {},
            "response_templates": {
              "application/json": ""
            },
            "rest_api_id": "eh8g5ncbm6",
            "selection_pattern": "",
            "status_code": "200"
          },
          "sensitive_attributes": [],
          "identity_schema_version": 0,
          "private": "eyJzY2hlbWFfdmVyc2lvbiI6IjAifQ==",
          "dependencies": [
            "module.api_gateway.aws_api_gateway_authorizer.cognito",
            "module.api_gateway.aws_api_gateway_integration.any_proxy",
            "module.api_gateway.aws_api_gateway_method.any_proxy",
            "module.api_gateway.aws_api_gateway_resource.proxy",
            "module.api_gateway.aws_api_gateway_rest_api.main",
            "module.api_gateway.aws_api_gateway_vpc_link.main",
            "module.api_gateway.aws_ssm_parameter.backend_api_key",
            "module.api_gateway.data.aws_caller_identity.current",
            "module.api_gateway.random_password.backend_api_key",
            "module.cognito.aws_cognito_user_pool.main",
            "module.cognito.module.post_confirmation_lambda.aws_iam_role.cognito_trigger_lambda_role",
            "module.cognito.module.post_confirmation_lambda.aws_iam_role_policy.ssm_access",
            "module.cognito.module.post_confirmation_lambda.aws_iam_role_policy_attachment.lambda_logs",
            "module.cognito.module.post_confirmation_lambda.aws_lambda_function.post_confirmation_trigger",
            "module.cognito.module.post_confirmation_lambda.aws_lambda_permission.allow_cognito",
            "module.cognito.module.post_confirmation_lambda.data.archive_file.lambda_zip",
            "module.cognito.module.post_confirmation_lambda.data.aws_ssm_parameter.backend_api_key"
          ]
        }
      ]
    },
    {
      "module": "module.api_gateway",
      "mode": "managed",
      "type": "aws_api_gateway_integration_response",
      "name": "options_proxy",
      "provider": "provider[\"registry.terraform.io/hashicorp/aws\"]",
      "instances": [
        {
          "schema_version": 0,
          "attributes": {
            "content_handling": "",
            "http_method": "OPTIONS",
            "id": "agir-eh8g5ncbm6-2ucuep-OPTIONS-200",
            "resource_id": "2ucuep",
            "response_parameters": {
              "method.response.header.Access-Control-Allow-Credentials": "'true'",
              "method.response.header.Access-Control-Allow-Headers": "'Content-Type,X-Amz-Date,Authorization,X-Api-Key,X-Amz-Security-Token,fdi-version,rid,st-auth-mode'",
              "method.response.header.Access-Control-Allow-Methods": "'DELETE,GET,HEAD,OPTIONS,PATCH,POST,PUT'",
              "method.response.header.Access-Control-Allow-Origin": "'https://app.rockilus.com'"
            },
            "response_templates": {},
            "rest_api_id": "eh8g5ncbm6",
            "selection_pattern": "",
            "status_code": "200"
          },
          "sensitive_attributes": [],
          "identity_schema_version": 0,
          "private": "eyJzY2hlbWFfdmVyc2lvbiI6IjAifQ==",
          "dependencies": [
            "module.api_gateway.aws_api_gateway_integration.options_proxy",
            "module.api_gateway.aws_api_gateway_method.options_proxy",
            "module.api_gateway.aws_api_gateway_method_response.options_proxy",
            "module.api_gateway.aws_api_gateway_resource.proxy",
            "module.api_gateway.aws_api_gateway_rest_api.main"
          ]
        }
      ]
    },
    {
      "module": "module.api_gateway",
      "mode": "managed",
      "type": "aws_api_gateway_method",
      "name": "any_proxy",
      "provider": "provider[\"registry.terraform.io/hashicorp/aws\"]",
      "instances": [
        {
          "schema_version": 0,
          "attributes": {
            "api_key_required": false,
            "authorization": "COGNITO_USER_POOLS",
            "authorization_scopes": [],
            "authorizer_id": "1z70c1",
            "http_method": "ANY",
            "id": "agm-eh8g5ncbm6-2ucuep-ANY",
            "operation_name": "",
            "request_models": {},
            "request_parameters": {
              "method.request.header.X-Forwarded-For": false,
              "method.request.header.X-Forwarded-Host": false,
              "method.request.header.X-Forwarded-Proto": false,
              "method.request.path.proxy": true
            },
            "request_validator_id": "",
            "resource_id": "2ucuep",
            "rest_api_id": "eh8g5ncbm6"
          },
          "sensitive_attributes": [],
          "identity_schema_version": 0,
          "private": "eyJzY2hlbWFfdmVyc2lvbiI6IjAifQ==",
          "dependencies": [
            "module.api_gateway.aws_api_gateway_authorizer.cognito",
            "module.api_gateway.aws_api_gateway_resource.proxy",
            "module.api_gateway.aws_api_gateway_rest_api.main",
            "module.api_gateway.aws_ssm_parameter.backend_api_key",
            "module.api_gateway.data.aws_caller_identity.current",
            "module.api_gateway.random_password.backend_api_key",
            "module.cognito.aws_cognito_user_pool.main",
            "module.cognito.module.post_confirmation_lambda.aws_iam_role.cognito_trigger_lambda_role",
            "module.cognito.module.post_confirmation_lambda.aws_iam_role_policy.ssm_access",
            "module.cognito.module.post_confirmation_lambda.aws_iam_role_policy_attachment.lambda_logs",
            "module.cognito.module.post_confirmation_lambda.aws_lambda_function.post_confirmation_trigger",
            "module.cognito.module.post_confirmation_lambda.aws_lambda_permission.allow_cognito",
            "module.cognito.module.post_confirmation_lambda.data.archive_file.lambda_zip",
            "module.cognito.module.post_confirmation_lambda.data.aws_ssm_parameter.backend_api_key"
          ],
          "create_before_destroy": true
        }
      ]
    },
    {
      "module": "module.api_gateway",
      "mode": "managed",
      "type": "aws_api_gateway_method",
      "name": "options_proxy",
      "provider": "provider[\"registry.terraform.io/hashicorp/aws\"]",
      "instances": [
        {
          "schema_version": 0,
          "attributes": {
            "api_key_required": false,
            "authorization": "NONE",
            "authorization_scopes": [],
            "authorizer_id": "",
            "http_method": "OPTIONS",
            "id": "agm-eh8g5ncbm6-2ucuep-OPTIONS",
            "operation_name": "",
            "request_models": {},
            "request_parameters": {},
            "request_validator_id": "",
            "resource_id": "2ucuep",
            "rest_api_id": "eh8g5ncbm6"
          },
          "sensitive_attributes": [],
          "identity_schema_version": 0,
          "private": "eyJzY2hlbWFfdmVyc2lvbiI6IjAifQ==",
          "dependencies": [
            "module.api_gateway.aws_api_gateway_resource.proxy",
            "module.api_gateway.aws_api_gateway_rest_api.main"
          ]
        }
      ]
    },
    {
      "module": "module.api_gateway",
      "mode": "managed",
      "type": "aws_api_gateway_method_response",
      "name": "any_proxy_200",
      "provider": "provider[\"registry.terraform.io/hashicorp/aws\"]",
      "instances": [
        {
          "schema_version": 0,
          "attributes": {
            "http_method": "ANY",
            "id": "agmr-eh8g5ncbm6-2ucuep-ANY-200",
            "resource_id": "2ucuep",
            "response_models": {},
            "response_parameters": {
              "method.response.header.Access-Control-Allow-Credentials": false,
              "method.response.header.Access-Control-Allow-Headers": false,
              "method.response.header.Access-Control-Allow-Methods": false,
              "method.response.header.Access-Control-Allow-Origin": false
            },
            "rest_api_id": "eh8g5ncbm6",
            "status_code": "200"
          },
          "sensitive_attributes": [],
          "identity_schema_version": 0,
          "private": "eyJzY2hlbWFfdmVyc2lvbiI6IjAifQ==",
          "dependencies": [
            "module.api_gateway.aws_api_gateway_authorizer.cognito",
            "module.api_gateway.aws_api_gateway_method.any_proxy",
            "module.api_gateway.aws_api_gateway_resource.proxy",
            "module.api_gateway.aws_api_gateway_rest_api.main",
            "module.api_gateway.aws_ssm_parameter.backend_api_key",
            "module.api_gateway.data.aws_caller_identity.current",
            "module.api_gateway.random_password.backend_api_key",
            "module.cognito.aws_cognito_user_pool.main",
            "module.cognito.module.post_confirmation_lambda.aws_iam_role.cognito_trigger_lambda_role",
            "module.cognito.module.post_confirmation_lambda.aws_iam_role_policy.ssm_access",
            "module.cognito.module.post_confirmation_lambda.aws_iam_role_policy_attachment.lambda_logs",
            "module.cognito.module.post_confirmation_lambda.aws_lambda_function.post_confirmation_trigger",
            "module.cognito.module.post_confirmation_lambda.aws_lambda_permission.allow_cognito",
            "module.cognito.module.post_confirmation_lambda.data.archive_file.lambda_zip",
            "module.cognito.module.post_confirmation_lambda.data.aws_ssm_parameter.backend_api_key"
          ]
        }
      ]
    },
    {
      "module": "module.api_gateway",
      "mode": "managed",
      "type": "aws_api_gateway_method_response",
      "name": "any_proxy_401",
      "provider": "provider[\"registry.terraform.io/hashicorp/aws\"]",
      "instances": [
        {
          "schema_version": 0,
          "attributes": {
            "http_method": "ANY",
            "id": "agmr-eh8g5ncbm6-2ucuep-ANY-401",
            "resource_id": "2ucuep",
            "response_models": {},
            "response_parameters": {
              "method.response.header.Access-Control-Allow-Credentials": false,
              "method.response.header.Access-Control-Allow-Headers": false,
              "method.response.header.Access-Control-Allow-Methods": false,
              "method.response.header.Access-Control-Allow-Origin": false
            },
            "rest_api_id": "eh8g5ncbm6",
            "status_code": "401"
          },
          "sensitive_attributes": [],
          "identity_schema_version": 0,
          "private": "eyJzY2hlbWFfdmVyc2lvbiI6IjAifQ==",
          "dependencies": [
            "module.api_gateway.aws_api_gateway_authorizer.cognito",
            "module.api_gateway.aws_api_gateway_method.any_proxy",
            "module.api_gateway.aws_api_gateway_resource.proxy",
            "module.api_gateway.aws_api_gateway_rest_api.main",
            "module.api_gateway.aws_ssm_parameter.backend_api_key",
            "module.api_gateway.data.aws_caller_identity.current",
            "module.api_gateway.random_password.backend_api_key",
            "module.cognito.aws_cognito_user_pool.main",
            "module.cognito.module.post_confirmation_lambda.aws_iam_role.cognito_trigger_lambda_role",
            "module.cognito.module.post_confirmation_lambda.aws_iam_role_policy.ssm_access",
            "module.cognito.module.post_confirmation_lambda.aws_iam_role_policy_attachment.lambda_logs",
            "module.cognito.module.post_confirmation_lambda.aws_lambda_function.post_confirmation_trigger",
            "module.cognito.module.post_confirmation_lambda.aws_lambda_permission.allow_cognito",
            "module.cognito.module.post_confirmation_lambda.data.archive_file.lambda_zip",
            "module.cognito.module.post_confirmation_lambda.data.aws_ssm_parameter.backend_api_key"
          ]
        }
      ]
    },
    {
      "module": "module.api_gateway",
      "mode": "managed",
      "type": "aws_api_gateway_method_response",
      "name": "options_proxy",
      "provider": "provider[\"registry.terraform.io/hashicorp/aws\"]",
      "instances": [
        {
          "schema_version": 0,
          "attributes": {
            "http_method": "OPTIONS",
            "id": "agmr-eh8g5ncbm6-2ucuep-OPTIONS-200",
            "resource_id": "2ucuep",
            "response_models": {
              "application/json": "Empty"
            },
            "response_parameters": {
              "method.response.header.Access-Control-Allow-Credentials": false,
              "method.response.header.Access-Control-Allow-Headers": false,
              "method.response.header.Access-Control-Allow-Methods": false,
              "method.response.header.Access-Control-Allow-Origin": false
            },
            "rest_api_id": "eh8g5ncbm6",
            "status_code": "200"
          },
          "sensitive_attributes": [],
          "identity_schema_version": 0,
          "private": "eyJzY2hlbWFfdmVyc2lvbiI6IjAifQ==",
          "dependencies": [
            "module.api_gateway.aws_api_gateway_method.options_proxy",
            "module.api_gateway.aws_api_gateway_resource.proxy",
            "module.api_gateway.aws_api_gateway_rest_api.main"
          ]
        }
      ]
    },
    {
      "module": "module.api_gateway",
      "mode": "managed",
      "type": "aws_api_gateway_resource",
      "name": "proxy",
      "provider": "provider[\"registry.terraform.io/hashicorp/aws\"]",
      "instances": [
        {
          "schema_version": 0,
          "attributes": {
            "id": "2ucuep",
            "parent_id": "mx5bjxky4f",
            "path": "/{proxy+}",
            "path_part": "{proxy+}",
            "rest_api_id": "eh8g5ncbm6"
          },
          "sensitive_attributes": [],
          "identity_schema_version": 0,
          "private": "eyJzY2hlbWFfdmVyc2lvbiI6IjAifQ==",
          "dependencies": [
            "module.api_gateway.aws_api_gateway_rest_api.main"
          ],
          "create_before_destroy": true
        }
      ]
    },
    {
      "module": "module.api_gateway",
      "mode": "managed",
      "type": "aws_api_gateway_rest_api",
      "name": "main",
      "provider": "provider[\"registry.terraform.io/hashicorp/aws\"]",
      "instances": [
        {
          "schema_version": 0,
          "attributes": {
            "api_key_source": "HEADER",
            "arn": "arn:aws:apigateway:eu-west-3::/restapis/eh8g5ncbm6",
            "binary_media_types": [],
            "body": null,
            "created_date": "2025-07-03T14:23:27Z",
            "description": "REST API Gateway for rockilus in prod, receive request from fontend and pass them through to the main service in the backend",
            "disable_execute_api_endpoint": false,
            "endpoint_configuration": [
              {
                "ip_address_type": "ipv4",
                "types": [
                  "REGIONAL"
                ],
                "vpc_endpoint_ids": []
              }
            ],
            "execution_arn": "arn:aws:execute-api:eu-west-3:590183915149:eh8g5ncbm6",
            "fail_on_warnings": null,
            "id": "eh8g5ncbm6",
            "minimum_compression_size": "",
            "name": "rockilus-api-gateway-prod",
            "parameters": null,
            "policy": "",
            "put_rest_api_mode": "overwrite",
            "root_resource_id": "mx5bjxky4f",
            "tags": {},
            "tags_all": {}
          },
          "sensitive_attributes": [],
          "identity_schema_version": 0,
          "private": "bnVsbA==",
          "create_before_destroy": true
        }
      ]
    },
    {
      "module": "module.api_gateway",
      "mode": "managed",
      "type": "aws_api_gateway_stage",
      "name": "main",
      "provider": "provider[\"registry.terraform.io/hashicorp/aws\"]",
      "instances": [
        {
          "schema_version": 0,
          "attributes": {
            "access_log_settings": [],
            "arn": "arn:aws:apigateway:eu-west-3::/restapis/eh8g5ncbm6/stages/dev_0",
            "cache_cluster_enabled": false,
            "cache_cluster_size": "",
            "canary_settings": [],
            "client_certificate_id": "",
            "deployment_id": "81k32o",
            "description": "",
            "documentation_version": "",
            "execution_arn": "arn:aws:execute-api:eu-west-3:590183915149:eh8g5ncbm6/dev_0",
            "id": "ags-eh8g5ncbm6-dev_0",
            "invoke_url": "https://eh8g5ncbm6.execute-api.eu-west-3.amazonaws.com/dev_0",
            "rest_api_id": "eh8g5ncbm6",
            "stage_name": "dev_0",
            "tags": {},
            "tags_all": {},
            "variables": {},
            "web_acl_arn": "",
            "xray_tracing_enabled": true
          },
          "sensitive_attributes": [],
          "identity_schema_version": 0,
          "private": "bnVsbA==",
          "dependencies": [
            "module.api_gateway.aws_api_gateway_authorizer.cognito",
            "module.api_gateway.aws_api_gateway_deployment.main",
            "module.api_gateway.aws_api_gateway_integration.any_proxy",
            "module.api_gateway.aws_api_gateway_method.any_proxy",
            "module.api_gateway.aws_api_gateway_resource.proxy",
            "module.api_gateway.aws_api_gateway_rest_api.main",
            "module.api_gateway.aws_api_gateway_vpc_link.main",
            "module.api_gateway.aws_ssm_parameter.backend_api_key",
            "module.api_gateway.data.aws_caller_identity.current",
            "module.api_gateway.random_password.backend_api_key",
            "module.cognito.aws_cognito_user_pool.main",
            "module.cognito.module.post_confirmation_lambda.aws_iam_role.cognito_trigger_lambda_role",
            "module.cognito.module.post_confirmation_lambda.aws_iam_role_policy.ssm_access",
            "module.cognito.module.post_confirmation_lambda.aws_iam_role_policy_attachment.lambda_logs",
            "module.cognito.module.post_confirmation_lambda.aws_lambda_function.post_confirmation_trigger",
            "module.cognito.module.post_confirmation_lambda.aws_lambda_permission.allow_cognito",
            "module.cognito.module.post_confirmation_lambda.data.archive_file.lambda_zip",
            "module.cognito.module.post_confirmation_lambda.data.aws_ssm_parameter.backend_api_key"
          ]
        }
      ]
    },
    {
      "module": "module.api_gateway",
      "mode": "managed",
      "type": "aws_api_gateway_vpc_link",
      "name": "main",
      "provider": "provider[\"registry.terraform.io/hashicorp/aws\"]",
      "instances": [
        {
          "index_key": 0,
          "schema_version": 0,
          "attributes": {
            "arn": "arn:aws:apigateway:eu-west-3::/vpclinks/7y2yvb",
            "description": "VPC Link to connect the API Gateway to the network load balancer",
            "id": "7y2yvb",
            "name": "apigateway-nlb-vpc-link",
            "tags": {},
            "tags_all": {},
            "target_arns": [
              "arn:aws:elasticloadbalancing:eu-west-3:590183915149:loadbalancer/net/apigateway-mainservice-nlb/62bd2bc2f54c4720"
            ]
          },
          "sensitive_attributes": [],
          "identity_schema_version": 0,
          "private": "eyJzY2hlbWFfdmVyc2lvbiI6IjAifQ==",
          "create_before_destroy": true
        }
      ]
    },
    {
      "module": "module.api_gateway",
      "mode": "managed",
      "type": "aws_route53_record",
      "name": "api_domain",
      "provider": "provider[\"registry.terraform.io/hashicorp/aws\"]",
      "instances": [
        {
          "index_key": 0,
          "schema_version": 2,
          "attributes": {
            "alias": [
              {
                "evaluate_target_health": true,
                "name": "d-v2ipbmdzmi.execute-api.eu-west-3.amazonaws.com",
                "zone_id": "Z3KY65QIEKYHQQ"
              }
            ],
            "allow_overwrite": null,
            "cidr_routing_policy": [],
            "failover_routing_policy": [],
            "fqdn": "api.rockilus.com",
            "geolocation_routing_policy": [],
            "geoproximity_routing_policy": [],
            "health_check_id": "",
            "id": "Z08275991X8QSJKGZI3UD_api.rockilus.com_A",
            "latency_routing_policy": [],
            "multivalue_answer_routing_policy": false,
            "name": "api.rockilus.com",
            "records": [],
            "set_identifier": "",
            "timeouts": null,
            "ttl": 0,
            "type": "A",
            "weighted_routing_policy": [],
            "zone_id": "Z08275991X8QSJKGZI3UD"
          },
          "sensitive_attributes": [],
          "identity_schema_version": 0,
          "private": "eyJlMmJmYjczMC1lY2FhLTExZTYtOGY4OC0zNDM2M2JjN2M0YzAiOnsiY3JlYXRlIjoxODAwMDAwMDAwMDAwLCJkZWxldGUiOjE4MDAwMDAwMDAwMDAsInVwZGF0ZSI6MTgwMDAwMDAwMDAwMH0sInNjaGVtYV92ZXJzaW9uIjoiMiJ9"
        }
      ]
    },
    {
      "module": "module.api_gateway",
      "mode": "managed",
      "type": "aws_ssm_parameter",
      "name": "backend_api_key",
      "provider": "provider[\"registry.terraform.io/hashicorp/aws\"]",
      "instances": [
        {
          "schema_version": 0,
          "attributes": {
            "allowed_pattern": "",
            "arn": "arn:aws:ssm:eu-west-3:590183915149:parameter/rockilus/prod/backend-api-key",
            "data_type": "text",
            "description": "",
            "has_value_wo": null,
            "id": "/rockilus/prod/backend-api-key",
            "insecure_value": null,
            "key_id": "alias/aws/ssm",
            "name": "/rockilus/prod/backend-api-key",
            "overwrite": null,
            "tags": {
              "Environment": "prod",
              "Project": "rockilus"
            },
            "tags_all": {
              "Environment": "prod",
              "Project": "rockilus"
            },
            "tier": "Standard",
            "type": "SecureString",
            "value": "zaorW49NCAG5QrfVlYU47KF8U0ZByFfc",
            "value_wo": null,
            "value_wo_version": null,
            "version": 1
          },
          "sensitive_attributes": [
            [
              {
                "type": "get_attr",
                "value": "value"
              }
            ],
            [
              {
                "type": "get_attr",
                "value": "value_wo"
              }
            ]
          ],
          "identity_schema_version": 0,
          "private": "bnVsbA==",
          "dependencies": [
            "module.api_gateway.random_password.backend_api_key"
          ],
          "create_before_destroy": true
        }
      ]
    },
    {
      "module": "module.api_gateway",
      "mode": "managed",
      "type": "random_password",
      "name": "backend_api_key",
      "provider": "provider[\"registry.terraform.io/hashicorp/random\"]",
      "instances": [
        {
          "schema_version": 3,
          "attributes": {
            "bcrypt_hash": "$2a$10$QUE48XE05yQJQAgZbAnPxud5jkMOpE16e2WJ/dAG59OFH8eX9ZJZy",
            "id": "none",
            "keepers": null,
            "length": 32,
            "lower": true,
            "min_lower": 0,
            "min_numeric": 0,
            "min_special": 0,
            "min_upper": 0,
            "number": true,
            "numeric": true,
            "override_special": null,
            "result": "zaorW49NCAG5QrfVlYU47KF8U0ZByFfc",
            "special": false,
            "upper": true
          },
          "sensitive_attributes": [
            [
              {
                "type": "get_attr",
                "value": "bcrypt_hash"
              }
            ],
            [
              {
                "type": "get_attr",
                "value": "result"
              }
            ]
          ],
          "identity_schema_version": 0,
          "create_before_destroy": true
        }
      ]
    },
    {
      "module": "module.cognito",
      "mode": "managed",
      "type": "aws_cognito_user_pool",
      "name": "main",
      "provider": "provider[\"registry.terraform.io/hashicorp/aws\"]",
      "instances": [
        {
          "schema_version": 0,
          "attributes": {
            "account_recovery_setting": [
              {
                "recovery_mechanism": [
                  {
                    "name": "verified_email",
                    "priority": 1
                  },
                  {
                    "name": "verified_phone_number",
                    "priority": 2
                  }
                ]
              }
            ],
            "admin_create_user_config": [
              {
                "allow_admin_create_user_only": false,
                "invite_message_template": []
              }
            ],
            "alias_attributes": null,
            "arn": "arn:aws:cognito-idp:eu-west-3:590183915149:userpool/eu-west-3_9tyN1YsF6",
            "auto_verified_attributes": [
              "email"
            ],
            "creation_date": "2025-07-10T09:46:01Z",
            "custom_domain": "",
            "deletion_protection": "ACTIVE",
            "device_configuration": [],
            "domain": "eu-west-39tyn1ysf6",
            "email_configuration": [
              {
                "configuration_set": "",
                "email_sending_account": "COGNITO_DEFAULT",
                "from_email_address": "",
                "reply_to_email_address": "",
                "source_arn": ""
              }
            ],
            "email_mfa_configuration": [],
            "email_verification_message": "",
            "email_verification_subject": "",
            "endpoint": "cognito-idp.eu-west-3.amazonaws.com/eu-west-3_9tyN1YsF6",
            "estimated_number_of_users": 1,
            "id": "eu-west-3_9tyN1YsF6",
            "lambda_config": [
              {
                "create_auth_challenge": "",
                "custom_email_sender": [],
                "custom_message": "",
                "custom_sms_sender": [],
                "define_auth_challenge": "",
                "kms_key_id": "",
                "post_authentication": "",
                "post_confirmation": "arn:aws:lambda:eu-west-3:590183915149:function:rockilus-cognito-post-confirmation-prod",
                "pre_authentication": "",
                "pre_sign_up": "",
                "pre_token_generation": "",
                "pre_token_generation_config": [],
                "user_migration": "",
                "verify_auth_challenge_response": ""
              }
            ],
            "last_modified_date": "2025-07-17T09:17:03Z",
            "mfa_configuration": "OFF",
            "name": "User pool - jrdglm",
            "password_policy": [
              {
                "minimum_length": 8,
                "password_history_size": 0,
                "require_lowercase": true,
                "require_numbers": true,
                "require_symbols": true,
                "require_uppercase": true,
                "temporary_password_validity_days": 7
              }
            ],
            "schema": [
              {
                "attribute_data_type": "String",
                "developer_only_attribute": false,
                "mutable": true,
                "name": "email",
                "number_attribute_constraints": [],
                "required": true,
                "string_attribute_constraints": [
                  {
                    "max_length": "2048",
                    "min_length": "0"
                  }
                ]
              },
              {
                "attribute_data_type": "String",
                "developer_only_attribute": null,
                "mutable": true,
                "name": "family_name",
                "number_attribute_constraints": [],
                "required": false,
                "string_attribute_constraints": []
              },
              {
                "attribute_data_type": "String",
                "developer_only_attribute": null,
                "mutable": true,
                "name": "given_name",
                "number_attribute_constraints": [],
                "required": false,
                "string_attribute_constraints": []
              }
            ],
            "sign_in_policy": [
              {
                "allowed_first_auth_factors": [
                  "PASSWORD"
                ]
              }
            ],
            "sms_authentication_message": "",
            "sms_configuration": [],
            "sms_verification_message": "",
            "software_token_mfa_configuration": [],
            "tags": {
              "Environment": "prod",
              "Project": "rockilus"
            },
            "tags_all": {
              "Environment": "prod",
              "Project": "rockilus"
            },
            "user_attribute_update_settings": [],
            "user_pool_add_ons": [],
            "user_pool_tier": "ESSENTIALS",
            "username_attributes": [
              "email"
            ],
            "username_configuration": [
              {
                "case_sensitive": false
              }
            ],
            "verification_message_template": [
              {
                "default_email_option": "CONFIRM_WITH_CODE",
                "email_message": "",
                "email_message_by_link": "",
                "email_subject": "",
                "email_subject_by_link": "",
                "sms_message": ""
              }
            ],
            "web_authn_configuration": []
          },
          "sensitive_attributes": [],
          "identity_schema_version": 0,
          "private": "bnVsbA==",
          "dependencies": [
            "module.api_gateway.aws_ssm_parameter.backend_api_key",
            "module.api_gateway.random_password.backend_api_key",
            "module.cognito.module.post_confirmation_lambda.aws_iam_role.cognito_trigger_lambda_role",
            "module.cognito.module.post_confirmation_lambda.aws_iam_role_policy.ssm_access",
            "module.cognito.module.post_confirmation_lambda.aws_iam_role_policy_attachment.lambda_logs",
            "module.cognito.module.post_confirmation_lambda.aws_lambda_function.post_confirmation_trigger",
            "module.cognito.module.post_confirmation_lambda.aws_lambda_permission.allow_cognito",
            "module.cognito.module.post_confirmation_lambda.data.archive_file.lambda_zip",
            "module.cognito.module.post_confirmation_lambda.data.aws_ssm_parameter.backend_api_key"
          ],
          "create_before_destroy": true
        }
      ]
    },
    {
      "module": "module.cognito",
      "mode": "managed",
      "type": "aws_cognito_user_pool_client",
      "name": "main",
      "provider": "provider[\"registry.terraform.io/hashicorp/aws\"]",
      "instances": [
        {
          "schema_version": 0,
          "attributes": {
            "access_token_validity": 60,
            "allowed_oauth_flows": [
              "code"
            ],
            "allowed_oauth_flows_user_pool_client": true,
            "allowed_oauth_scopes": [
              "email",
              "openid",
              "phone"
            ],
            "analytics_configuration": [],
            "auth_session_validity": 3,
            "callback_urls": [
              "http://localhost:3000"
            ],
            "client_secret": "",
            "default_redirect_uri": "",
            "enable_propagate_additional_user_context_data": false,
            "enable_token_revocation": true,
            "explicit_auth_flows": [
              "ALLOW_REFRESH_TOKEN_AUTH",
              "ALLOW_USER_AUTH",
              "ALLOW_USER_SRP_AUTH"
            ],
            "generate_secret": null,
            "id": "2rccpq0s894f6a66d1hmimship",
            "id_token_validity": 60,
            "logout_urls": [
              "http://localhost:3000"
            ],
            "name": "rockilus-cognito-email",
            "prevent_user_existence_errors": "ENABLED",
            "read_attributes": [],
            "refresh_token_rotation": [],
            "refresh_token_validity": 5,
            "supported_identity_providers": [
              "COGNITO"
            ],
            "token_validity_units": [
              {
                "access_token": "minutes",
                "id_token": "minutes",
                "refresh_token": "days"
              }
            ],
            "user_pool_id": "eu-west-3_9tyN1YsF6",
            "write_attributes": []
          },
          "sensitive_attributes": [
            [
              {
                "type": "get_attr",
                "value": "client_secret"
              }
            ]
          ],
          "identity_schema_version": 0,
          "dependencies": [
            "module.api_gateway.aws_ssm_parameter.backend_api_key",
            "module.api_gateway.random_password.backend_api_key",
            "module.cognito.aws_cognito_user_pool.main",
            "module.cognito.module.post_confirmation_lambda.aws_iam_role.cognito_trigger_lambda_role",
            "module.cognito.module.post_confirmation_lambda.aws_iam_role_policy.ssm_access",
            "module.cognito.module.post_confirmation_lambda.aws_iam_role_policy_attachment.lambda_logs",
            "module.cognito.module.post_confirmation_lambda.aws_lambda_function.post_confirmation_trigger",
            "module.cognito.module.post_confirmation_lambda.aws_lambda_permission.allow_cognito",
            "module.cognito.module.post_confirmation_lambda.data.archive_file.lambda_zip",
            "module.cognito.module.post_confirmation_lambda.data.aws_ssm_parameter.backend_api_key"
          ]
        }
      ]
    },
    {
      "module": "module.cognito.module.post_confirmation_lambda",
      "mode": "data",
      "type": "archive_file",
      "name": "lambda_zip",
      "provider": "provider[\"registry.terraform.io/hashicorp/archive\"]",
      "instances": [
        {
          "schema_version": 0,
          "attributes": {
            "exclude_symlink_directories": null,
            "excludes": null,
            "id": "f67116646c3a96934725825dc7709b028af70cfd",
            "output_base64sha256": "+EyiJ+7fm4JgjDHNIt2sokUBDX/JMyKd3ByWlsFGEi4=",
            "output_base64sha512": "CJm3iVNum3vly3ADrWD1dDHllS2/jcfOVS3sfsl/pCIX2q4LpRE4S/uKXBPQpLm7pq24+Htb91PLQyItdUgstw==",
            "output_file_mode": null,
            "output_md5": "910ef8c61ac130dbcaa4c91ddb6bdfc0",
            "output_path": "../../modules/cognito/lambda/post_confirmation/cognito_trigger.zip",
            "output_sha": "f67116646c3a96934725825dc7709b028af70cfd",
            "output_sha256": "f84ca227eedf9b82608c31cd22ddaca245010d7fc933229ddc1c9696c146122e",
            "output_sha512": "0899b789536e9b7be5cb7003ad60f57431e5952dbf8dc7ce552dec7ec97fa42217daae0ba511384bfb8a5c13d0a4b9bba6adb8f87b5bf753cb43222d75482cb7",
            "output_size": 1312,
            "source": [],
            "source_content": null,
            "source_content_filename": null,
            "source_dir": null,
            "source_file": "../../modules/cognito/lambda/post_confirmation/lambda_function.py",
            "type": "zip"
          },
          "sensitive_attributes": [],
          "identity_schema_version": 0
        }
      ]
    },
    {
      "module": "module.cognito.module.post_confirmation_lambda",
      "mode": "data",
      "type": "aws_ssm_parameter",
      "name": "backend_api_key",
      "provider": "provider[\"registry.terraform.io/hashicorp/aws\"]",
      "instances": [
        {
          "schema_version": 0,
          "attributes": {
            "arn": "arn:aws:ssm:eu-west-3:590183915149:parameter/rockilus/prod/backend-api-key",
            "id": "/rockilus/prod/backend-api-key",
            "insecure_value": "",
            "name": "/rockilus/prod/backend-api-key",
            "type": "SecureString",
            "value": "zaorW49NCAG5QrfVlYU47KF8U0ZByFfc",
            "version": 1,
            "with_decryption": true
          },
          "sensitive_attributes": [
            [
              {
                "type": "get_attr",
                "value": "value"
              }
            ]
          ],
          "identity_schema_version": 0
        }
      ]
    },
    {
      "module": "module.cognito.module.post_confirmation_lambda",
      "mode": "managed",
      "type": "aws_iam_role",
      "name": "cognito_trigger_lambda_role",
      "provider": "provider[\"registry.terraform.io/hashicorp/aws\"]",
      "instances": [
        {
          "schema_version": 0,
          "attributes": {
            "arn": "arn:aws:iam::590183915149:role/rockilus-cognito-post-confirmation-role-prod",
            "assume_role_policy": "{\"Statement\":[{\"Action\":\"sts:AssumeRole\",\"Effect\":\"Allow\",\"Principal\":{\"Service\":\"lambda.amazonaws.com\"}}],\"Version\":\"2012-10-17\"}",
            "create_date": "2025-07-17T09:16:46Z",
            "description": "",
            "force_detach_policies": false,
            "id": "rockilus-cognito-post-confirmation-role-prod",
            "inline_policy": [
              {
                "name": "rockilus-cognito-lambda-ssm-prod",
                "policy": "{\"Version\":\"2012-10-17\",\"Statement\":[{\"Action\":[\"ssm:GetParameter\"],\"Effect\":\"Allow\",\"Resource\":\"arn:aws:ssm:eu-west-3:*:parameter/rockilus/prod/backend-api-key\"}]}"
              }
            ],
            "managed_policy_arns": [
              "arn:aws:iam::aws:policy/service-role/AWSLambdaBasicExecutionRole"
            ],
            "max_session_duration": 3600,
            "name": "rockilus-cognito-post-confirmation-role-prod",
            "name_prefix": "",
            "path": "/",
            "permissions_boundary": "",
            "tags": {
              "Environment": "prod",
              "Project": "rockilus"
            },
            "tags_all": {
              "Environment": "prod",
              "Project": "rockilus"
            },
            "unique_id": "AROAYS2NT32GS5WIGCIXS"
          },
          "sensitive_attributes": [],
          "identity_schema_version": 0,
          "private": "bnVsbA==",
          "create_before_destroy": true
        }
      ]
    },
    {
      "module": "module.cognito.module.post_confirmation_lambda",
      "mode": "managed",
      "type": "aws_iam_role_policy",
      "name": "ssm_access",
      "provider": "provider[\"registry.terraform.io/hashicorp/aws\"]",
      "instances": [
        {
          "schema_version": 0,
          "attributes": {
            "id": "rockilus-cognito-post-confirmation-role-prod:rockilus-cognito-lambda-ssm-prod",
            "name": "rockilus-cognito-lambda-ssm-prod",
            "name_prefix": "",
            "policy": "{\"Version\":\"2012-10-17\",\"Statement\":[{\"Action\":[\"ssm:GetParameter\"],\"Effect\":\"Allow\",\"Resource\":\"arn:aws:ssm:eu-west-3:*:parameter/rockilus/prod/backend-api-key\"}]}",
            "role": "rockilus-cognito-post-confirmation-role-prod"
          },
          "sensitive_attributes": [],
          "identity_schema_version": 0,
          "private": "bnVsbA==",
          "dependencies": [
            "module.cognito.module.post_confirmation_lambda.aws_iam_role.cognito_trigger_lambda_role"
          ],
          "create_before_destroy": true
        }
      ]
    },
    {
      "module": "module.cognito.module.post_confirmation_lambda",
      "mode": "managed",
      "type": "aws_iam_role_policy_attachment",
      "name": "lambda_logs",
      "provider": "provider[\"registry.terraform.io/hashicorp/aws\"]",
      "instances": [
        {
          "schema_version": 0,
          "attributes": {
            "id": "rockilus-cognito-post-confirmation-role-prod-20250717091647127300000001",
            "policy_arn": "arn:aws:iam::aws:policy/service-role/AWSLambdaBasicExecutionRole",
            "role": "rockilus-cognito-post-confirmation-role-prod"
          },
          "sensitive_attributes": [],
          "identity_schema_version": 0,
          "private": "bnVsbA==",
          "dependencies": [
            "module.cognito.module.post_confirmation_lambda.aws_iam_role.cognito_trigger_lambda_role"
          ],
          "create_before_destroy": true
        }
      ]
    },
    {
      "module": "module.cognito.module.post_confirmation_lambda",
      "mode": "managed",
      "type": "aws_lambda_function",
      "name": "post_confirmation_trigger",
      "provider": "provider[\"registry.terraform.io/hashicorp/aws\"]",
      "instances": [
        {
          "schema_version": 0,
          "attributes": {
            "architectures": [
              "x86_64"
            ],
            "arn": "arn:aws:lambda:eu-west-3:590183915149:function:rockilus-cognito-post-confirmation-prod",
            "code_sha256": "+EyiJ+7fm4JgjDHNIt2sokUBDX/JMyKd3ByWlsFGEi4=",
            "code_signing_config_arn": "",
            "dead_letter_config": [],
            "description": "",
            "environment": [
              {
                "variables": {
                  "API_ENDPOINT_URL": "https://api.rockilus.com/users/onboard",
                  "BACKEND_API_KEY": "zaorW49NCAG5QrfVlYU47KF8U0ZByFfc"
                }
              }
            ],
            "ephemeral_storage": [
              {
                "size": 512
              }
            ],
            "file_system_config": [],
            "filename": "../../modules/cognito/lambda/post_confirmation/cognito_trigger.zip",
            "function_name": "rockilus-cognito-post-confirmation-prod",
            "handler": "lambda_function.lambda_handler",
            "id": "rockilus-cognito-post-confirmation-prod",
            "image_config": [],
            "image_uri": "",
            "invoke_arn": "arn:aws:apigateway:eu-west-3:lambda:path/2015-03-31/functions/arn:aws:lambda:eu-west-3:590183915149:function:rockilus-cognito-post-confirmation-prod/invocations",
            "kms_key_arn": "",
            "last_modified": "2025-07-17T09:16:56.441+0000",
            "layers": [],
            "logging_config": [
              {
                "application_log_level": "",
                "log_format": "Text",
                "log_group": "/aws/lambda/rockilus-cognito-post-confirmation-prod",
                "system_log_level": ""
              }
            ],
            "memory_size": 128,
            "package_type": "Zip",
            "publish": false,
            "qualified_arn": "arn:aws:lambda:eu-west-3:590183915149:function:rockilus-cognito-post-confirmation-prod:$LATEST",
            "qualified_invoke_arn": "arn:aws:apigateway:eu-west-3:lambda:path/2015-03-31/functions/arn:aws:lambda:eu-west-3:590183915149:function:rockilus-cognito-post-confirmation-prod:$LATEST/invocations",
            "replace_security_groups_on_destroy": null,
            "replacement_security_group_ids": null,
            "reserved_concurrent_executions": -1,
            "role": "arn:aws:iam::590183915149:role/rockilus-cognito-post-confirmation-role-prod",
            "runtime": "python3.11",
            "s3_bucket": null,
            "s3_key": null,
            "s3_object_version": null,
            "signing_job_arn": "",
            "signing_profile_version_arn": "",
            "skip_destroy": false,
            "snap_start": [],
            "source_code_hash": "+EyiJ+7fm4JgjDHNIt2sokUBDX/JMyKd3ByWlsFGEi4=",
            "source_code_size": 1312,
            "tags": {
              "Environment": "prod",
              "Project": "rockilus"
            },
            "tags_all": {
              "Environment": "prod",
              "Project": "rockilus"
            },
            "timeout": 15,
            "timeouts": null,
            "tracing_config": [
              {
                "mode": "PassThrough"
              }
            ],
            "version": "$LATEST",
            "vpc_config": []
          },
          "sensitive_attributes": [
            [
              {
                "type": "get_attr",
                "value": "environment"
              },
              {
                "type": "index",
                "value": {
                  "value": 0,
                  "type": "number"
                }
              },
              {
                "type": "get_attr",
                "value": "variables"
              },
              {
                "type": "index",
                "value": {
                  "value": "BACKEND_API_KEY",
                  "type": "string"
                }
              }
            ]
          ],
          "identity_schema_version": 0,
          "private": "eyJlMmJmYjczMC1lY2FhLTExZTYtOGY4OC0zNDM2M2JjN2M0YzAiOnsiY3JlYXRlIjo2MDAwMDAwMDAwMDAsImRlbGV0ZSI6NjAwMDAwMDAwMDAwLCJ1cGRhdGUiOjYwMDAwMDAwMDAwMH19",
          "dependencies": [
            "module.api_gateway.aws_ssm_parameter.backend_api_key",
            "module.api_gateway.random_password.backend_api_key",
            "module.cognito.module.post_confirmation_lambda.aws_iam_role.cognito_trigger_lambda_role",
            "module.cognito.module.post_confirmation_lambda.aws_iam_role_policy.ssm_access",
            "module.cognito.module.post_confirmation_lambda.data.archive_file.lambda_zip",
            "module.cognito.module.post_confirmation_lambda.data.aws_ssm_parameter.backend_api_key"
          ],
          "create_before_destroy": true
        }
      ]
    },
    {
      "module": "module.cognito.module.post_confirmation_lambda",
      "mode": "managed",
      "type": "aws_lambda_permission",
      "name": "allow_cognito",
      "provider": "provider[\"registry.terraform.io/hashicorp/aws\"]",
      "instances": [
        {
          "schema_version": 0,
          "attributes": {
            "action": "lambda:InvokeFunction",
            "event_source_token": null,
            "function_name": "rockilus-cognito-post-confirmation-prod",
            "function_url_auth_type": null,
            "id": "AllowExecutionFromCognito",
            "principal": "cognito-idp.amazonaws.com",
            "principal_org_id": null,
            "qualifier": "",
            "source_account": null,
            "source_arn": null,
            "statement_id": "AllowExecutionFromCognito",
            "statement_id_prefix": ""
          },
          "sensitive_attributes": [],
          "identity_schema_version": 0,
          "private": "bnVsbA==",
          "dependencies": [
            "module.api_gateway.aws_ssm_parameter.backend_api_key",
            "module.api_gateway.random_password.backend_api_key",
            "module.cognito.module.post_confirmation_lambda.aws_iam_role.cognito_trigger_lambda_role",
            "module.cognito.module.post_confirmation_lambda.aws_iam_role_policy.ssm_access",
            "module.cognito.module.post_confirmation_lambda.aws_lambda_function.post_confirmation_trigger",
            "module.cognito.module.post_confirmation_lambda.data.archive_file.lambda_zip",
            "module.cognito.module.post_confirmation_lambda.data.aws_ssm_parameter.backend_api_key"
          ],
          "create_before_destroy": true
        }
      ]
    },
    {
      "module": "module.route53",
      "mode": "managed",
      "type": "aws_acm_certificate",
      "name": "main",
      "provider": "provider[\"registry.terraform.io/hashicorp/aws\"]",
      "instances": [
        {
          "schema_version": 0,
          "attributes": {
            "arn": "arn:aws:acm:eu-west-3:590183915149:certificate/c0489045-dd62-46fc-bfcc-f686bb79eb3d",
            "certificate_authority_arn": "",
            "certificate_body": null,
            "certificate_chain": null,
            "domain_name": "rockilus.com",
            "domain_validation_options": [
              {
                "domain_name": "*.rockilus.com",
                "resource_record_name": "_b134a40fb89a6cda7c9a66090ec68f42.rockilus.com.",
                "resource_record_type": "CNAME",
                "resource_record_value": "_6e7dfdaf14b764966dfb96859771e532.mhbtsbpdnt.acm-validations.aws."
              },
              {
                "domain_name": "admin.rockilus.com",
                "resource_record_name": "_da6ae0a6e34ebc02f2e8473a27d6473d.admin.rockilus.com.",
                "resource_record_type": "CNAME",
                "resource_record_value": "_9d022564edcc6bf04b4ebf9f4801cb79.xlfgrmvvlj.acm-validations.aws."
              },
              {
                "domain_name": "api.rockilus.com",
                "resource_record_name": "_719662bfd276f8bdff6e89f36ff7a127.api.rockilus.com.",
                "resource_record_type": "CNAME",
                "resource_record_value": "_9db05d07f7c86d25f93f8b5b77682e74.mhbtsbpdnt.acm-validations.aws."
              },
              {
                "domain_name": "app.rockilus.com",
                "resource_record_name": "_23513934bdfdeafe60f31b72e6568e94.app.rockilus.com.",
                "resource_record_type": "CNAME",
                "resource_record_value": "_ce0176540389b03869e3f4d51215ba77.sdgjtdhdhz.acm-validations.aws."
              },
              {
                "domain_name": "rockilus.com",
                "resource_record_name": "_b134a40fb89a6cda7c9a66090ec68f42.rockilus.com.",
                "resource_record_type": "CNAME",
                "resource_record_value": "_6e7dfdaf14b764966dfb96859771e532.mhbtsbpdnt.acm-validations.aws."
              },
              {
                "domain_name": "www.rockilus.com",
                "resource_record_name": "_8e9a64b44f33e7c5d6974af137833e13.www.rockilus.com.",
                "resource_record_type": "CNAME",
                "resource_record_value": "_3e349d519306b0f6ccca0461a047b372.mhbtsbpdnt.acm-validations.aws."
              }
            ],
            "early_renewal_duration": "",
            "id": "arn:aws:acm:eu-west-3:590183915149:certificate/c0489045-dd62-46fc-bfcc-f686bb79eb3d",
            "key_algorithm": "RSA_2048",
            "not_after": "",
            "not_before": "",
            "options": [
              {
                "certificate_transparency_logging_preference": "ENABLED"
              }
            ],
            "pending_renewal": false,
            "private_key": null,
            "renewal_eligibility": "INELIGIBLE",
            "renewal_summary": [],
            "status": "PENDING_VALIDATION",
            "subject_alternative_names": [
              "*.rockilus.com",
              "admin.rockilus.com",
              "api.rockilus.com",
              "app.rockilus.com",
              "rockilus.com",
              "www.rockilus.com"
            ],
            "tags": {
              "Compliance": "Healthcare",
              "Components": "Landing Frontend API",
              "Domain": "rockilus.com",
              "Environment": "prod",
              "ManagedBy": "Terraform",
              "Module": "route53",
              "Name": "rockilus-prod-ssl-certificate",
              "Owner": "DevOps Team",
              "Project": "rockilus",
              "Purpose": "SSL/TLS Security"
            },
            "tags_all": {
              "Compliance": "Healthcare",
              "Components": "Landing Frontend API",
              "Domain": "rockilus.com",
              "Environment": "prod",
              "ManagedBy": "Terraform",
              "Module": "route53",
              "Name": "rockilus-prod-ssl-certificate",
              "Owner": "DevOps Team",
              "Project": "rockilus",
              "Purpose": "SSL/TLS Security"
            },
            "type": "AMAZON_ISSUED",
            "validation_emails": [],
            "validation_method": "DNS",
            "validation_option": []
          },
          "sensitive_attributes": [
            [
              {
                "type": "get_attr",
                "value": "private_key"
              }
            ]
          ],
          "identity_schema_version": 0,
          "private": "bnVsbA==",
          "create_before_destroy": true
        }
      ]
    },
    {
      "module": "module.route53",
      "mode": "managed",
      "type": "aws_acm_certificate_validation",
      "name": "main",
      "provider": "provider[\"registry.terraform.io/hashicorp/aws\"]",
      "instances": [
        {
          "schema_version": 0,
          "attributes": {
            "certificate_arn": "arn:aws:acm:eu-west-3:590183915149:certificate/c0489045-dd62-46fc-bfcc-f686bb79eb3d",
            "id": "0001-01-01 00:00:00 +0000 UTC",
            "timeouts": {
              "create": "10m"
            },
            "validation_record_fqdns": [
              "_23513934bdfdeafe60f31b72e6568e94.app.rockilus.com",
              "_719662bfd276f8bdff6e89f36ff7a127.api.rockilus.com",
              "_8e9a64b44f33e7c5d6974af137833e13.www.rockilus.com",
              "_b134a40fb89a6cda7c9a66090ec68f42.rockilus.com",
              "_da6ae0a6e34ebc02f2e8473a27d6473d.admin.rockilus.com"
            ]
          },
          "sensitive_attributes": [],
          "identity_schema_version": 0,
          "private": "eyJlMmJmYjczMC1lY2FhLTExZTYtOGY4OC0zNDM2M2JjN2M0YzAiOnsiY3JlYXRlIjo2MDAwMDAwMDAwMDB9fQ==",
          "dependencies": [
            "module.route53.aws_acm_certificate.main",
            "module.route53.aws_route53_record.certificate_validation",
            "module.route53.aws_route53_zone.main"
          ],
          "create_before_destroy": true
        }
      ]
    },
    {
      "module": "module.route53",
      "mode": "managed",
      "type": "aws_route53_record",
      "name": "certificate_validation",
      "provider": "provider[\"registry.terraform.io/hashicorp/aws\"]",
      "instances": [
        {
          "index_key": "*.rockilus.com",
          "schema_version": 2,
          "attributes": {
            "alias": [],
            "allow_overwrite": true,
            "cidr_routing_policy": [],
            "failover_routing_policy": [],
            "fqdn": "_b134a40fb89a6cda7c9a66090ec68f42.rockilus.com",
            "geolocation_routing_policy": [],
            "geoproximity_routing_policy": [],
            "health_check_id": "",
            "id": "Z08275991X8QSJKGZI3UD__b134a40fb89a6cda7c9a66090ec68f42.rockilus.com._CNAME",
            "latency_routing_policy": [],
            "multivalue_answer_routing_policy": false,
            "name": "_b134a40fb89a6cda7c9a66090ec68f42.rockilus.com",
            "records": [
              "_6e7dfdaf14b764966dfb96859771e532.mhbtsbpdnt.acm-validations.aws."
            ],
            "set_identifier": "",
            "timeouts": null,
            "ttl": 60,
            "type": "CNAME",
            "weighted_routing_policy": [],
            "zone_id": "Z08275991X8QSJKGZI3UD"
          },
          "sensitive_attributes": [],
          "identity_schema_version": 0,
          "private": "eyJlMmJmYjczMC1lY2FhLTExZTYtOGY4OC0zNDM2M2JjN2M0YzAiOnsiY3JlYXRlIjoxODAwMDAwMDAwMDAwLCJkZWxldGUiOjE4MDAwMDAwMDAwMDAsInVwZGF0ZSI6MTgwMDAwMDAwMDAwMH0sInNjaGVtYV92ZXJzaW9uIjoiMiJ9",
          "dependencies": [
            "module.route53.aws_acm_certificate.main",
            "module.route53.aws_route53_zone.main"
          ],
          "create_before_destroy": true
        },
        {
          "index_key": "admin.rockilus.com",
          "schema_version": 2,
          "attributes": {
            "alias": [],
            "allow_overwrite": true,
            "cidr_routing_policy": [],
            "failover_routing_policy": [],
            "fqdn": "_da6ae0a6e34ebc02f2e8473a27d6473d.admin.rockilus.com",
            "geolocation_routing_policy": [],
            "geoproximity_routing_policy": [],
            "health_check_id": "",
            "id": "Z08275991X8QSJKGZI3UD__da6ae0a6e34ebc02f2e8473a27d6473d.admin.rockilus.com._CNAME",
            "latency_routing_policy": [],
            "multivalue_answer_routing_policy": false,
            "name": "_da6ae0a6e34ebc02f2e8473a27d6473d.admin.rockilus.com",
            "records": [
              "_9d022564edcc6bf04b4ebf9f4801cb79.xlfgrmvvlj.acm-validations.aws."
            ],
            "set_identifier": "",
            "timeouts": null,
            "ttl": 60,
            "type": "CNAME",
            "weighted_routing_policy": [],
            "zone_id": "Z08275991X8QSJKGZI3UD"
          },
          "sensitive_attributes": [],
          "identity_schema_version": 0,
          "private": "eyJlMmJmYjczMC1lY2FhLTExZTYtOGY4OC0zNDM2M2JjN2M0YzAiOnsiY3JlYXRlIjoxODAwMDAwMDAwMDAwLCJkZWxldGUiOjE4MDAwMDAwMDAwMDAsInVwZGF0ZSI6MTgwMDAwMDAwMDAwMH0sInNjaGVtYV92ZXJzaW9uIjoiMiJ9",
          "dependencies": [
            "module.route53.aws_acm_certificate.main",
            "module.route53.aws_route53_zone.main"
          ],
          "create_before_destroy": true
        },
        {
          "index_key": "api.rockilus.com",
          "schema_version": 2,
          "attributes": {
            "alias": [],
            "allow_overwrite": true,
            "cidr_routing_policy": [],
            "failover_routing_policy": [],
            "fqdn": "_719662bfd276f8bdff6e89f36ff7a127.api.rockilus.com",
            "geolocation_routing_policy": [],
            "geoproximity_routing_policy": [],
            "health_check_id": "",
            "id": "Z08275991X8QSJKGZI3UD__719662bfd276f8bdff6e89f36ff7a127.api.rockilus.com_CNAME",
            "latency_routing_policy": [],
            "multivalue_answer_routing_policy": false,
            "name": "_719662bfd276f8bdff6e89f36ff7a127.api.rockilus.com",
            "records": [
              "_9db05d07f7c86d25f93f8b5b77682e74.mhbtsbpdnt.acm-validations.aws."
            ],
            "set_identifier": "",
            "timeouts": null,
            "ttl": 60,
            "type": "CNAME",
            "weighted_routing_policy": [],
            "zone_id": "Z08275991X8QSJKGZI3UD"
          },
          "sensitive_attributes": [],
          "identity_schema_version": 0,
          "private": "eyJlMmJmYjczMC1lY2FhLTExZTYtOGY4OC0zNDM2M2JjN2M0YzAiOnsiY3JlYXRlIjoxODAwMDAwMDAwMDAwLCJkZWxldGUiOjE4MDAwMDAwMDAwMDAsInVwZGF0ZSI6MTgwMDAwMDAwMDAwMH0sInNjaGVtYV92ZXJzaW9uIjoiMiJ9",
          "dependencies": [
            "module.route53.aws_acm_certificate.main",
            "module.route53.aws_route53_zone.main"
          ],
          "create_before_destroy": true
        },
        {
          "index_key": "app.rockilus.com",
          "schema_version": 2,
          "attributes": {
            "alias": [],
            "allow_overwrite": true,
            "cidr_routing_policy": [],
            "failover_routing_policy": [],
            "fqdn": "_23513934bdfdeafe60f31b72e6568e94.app.rockilus.com",
            "geolocation_routing_policy": [],
            "geoproximity_routing_policy": [],
            "health_check_id": "",
            "id": "Z08275991X8QSJKGZI3UD__23513934bdfdeafe60f31b72e6568e94.app.rockilus.com_CNAME",
            "latency_routing_policy": [],
            "multivalue_answer_routing_policy": false,
            "name": "_23513934bdfdeafe60f31b72e6568e94.app.rockilus.com",
            "records": [
              "_ce0176540389b03869e3f4d51215ba77.sdgjtdhdhz.acm-validations.aws."
            ],
            "set_identifier": "",
            "timeouts": null,
            "ttl": 60,
            "type": "CNAME",
            "weighted_routing_policy": [],
            "zone_id": "Z08275991X8QSJKGZI3UD"
          },
          "sensitive_attributes": [],
          "identity_schema_version": 0,
          "private": "eyJlMmJmYjczMC1lY2FhLTExZTYtOGY4OC0zNDM2M2JjN2M0YzAiOnsiY3JlYXRlIjoxODAwMDAwMDAwMDAwLCJkZWxldGUiOjE4MDAwMDAwMDAwMDAsInVwZGF0ZSI6MTgwMDAwMDAwMDAwMH0sInNjaGVtYV92ZXJzaW9uIjoiMiJ9",
          "dependencies": [
            "module.route53.aws_acm_certificate.main",
            "module.route53.aws_route53_zone.main"
          ],
          "create_before_destroy": true
        },
        {
          "index_key": "rockilus.com",
          "schema_version": 2,
          "attributes": {
            "alias": [],
            "allow_overwrite": true,
            "cidr_routing_policy": [],
            "failover_routing_policy": [],
            "fqdn": "_b134a40fb89a6cda7c9a66090ec68f42.rockilus.com",
            "geolocation_routing_policy": [],
            "geoproximity_routing_policy": [],
            "health_check_id": "",
            "id": "Z08275991X8QSJKGZI3UD__b134a40fb89a6cda7c9a66090ec68f42.rockilus.com._CNAME",
            "latency_routing_policy": [],
            "multivalue_answer_routing_policy": false,
            "name": "_b134a40fb89a6cda7c9a66090ec68f42.rockilus.com",
            "records": [
              "_6e7dfdaf14b764966dfb96859771e532.mhbtsbpdnt.acm-validations.aws."
            ],
            "set_identifier": "",
            "timeouts": null,
            "ttl": 60,
            "type": "CNAME",
            "weighted_routing_policy": [],
            "zone_id": "Z08275991X8QSJKGZI3UD"
          },
          "sensitive_attributes": [],
          "identity_schema_version": 0,
          "private": "eyJlMmJmYjczMC1lY2FhLTExZTYtOGY4OC0zNDM2M2JjN2M0YzAiOnsiY3JlYXRlIjoxODAwMDAwMDAwMDAwLCJkZWxldGUiOjE4MDAwMDAwMDAwMDAsInVwZGF0ZSI6MTgwMDAwMDAwMDAwMH0sInNjaGVtYV92ZXJzaW9uIjoiMiJ9",
          "dependencies": [
            "module.route53.aws_acm_certificate.main",
            "module.route53.aws_route53_zone.main"
          ],
          "create_before_destroy": true
        },
        {
          "index_key": "www.rockilus.com",
          "schema_version": 2,
          "attributes": {
            "alias": [],
            "allow_overwrite": true,
            "cidr_routing_policy": [],
            "failover_routing_policy": [],
            "fqdn": "_8e9a64b44f33e7c5d6974af137833e13.www.rockilus.com",
            "geolocation_routing_policy": [],
            "geoproximity_routing_policy": [],
            "health_check_id": "",
            "id": "Z08275991X8QSJKGZI3UD__8e9a64b44f33e7c5d6974af137833e13.www.rockilus.com._CNAME",
            "latency_routing_policy": [],
            "multivalue_answer_routing_policy": false,
            "name": "_8e9a64b44f33e7c5d6974af137833e13.www.rockilus.com",
            "records": [
              "_3e349d519306b0f6ccca0461a047b372.mhbtsbpdnt.acm-validations.aws."
            ],
            "set_identifier": "",
            "timeouts": null,
            "ttl": 60,
            "type": "CNAME",
            "weighted_routing_policy": [],
            "zone_id": "Z08275991X8QSJKGZI3UD"
          },
          "sensitive_attributes": [],
          "identity_schema_version": 0,
          "private": "eyJlMmJmYjczMC1lY2FhLTExZTYtOGY4OC0zNDM2M2JjN2M0YzAiOnsiY3JlYXRlIjoxODAwMDAwMDAwMDAwLCJkZWxldGUiOjE4MDAwMDAwMDAwMDAsInVwZGF0ZSI6MTgwMDAwMDAwMDAwMH0sInNjaGVtYV92ZXJzaW9uIjoiMiJ9",
          "dependencies": [
            "module.route53.aws_acm_certificate.main",
            "module.route53.aws_route53_zone.main"
          ],
          "create_before_destroy": true
        }
      ]
    },
    {
      "module": "module.route53",
      "mode": "managed",
      "type": "aws_route53_zone",
      "name": "main",
      "provider": "provider[\"registry.terraform.io/hashicorp/aws\"]",
      "instances": [
        {
          "schema_version": 0,
          "attributes": {
            "arn": "arn:aws:route53:::hostedzone/Z08275991X8QSJKGZI3UD",
            "comment": "Managed by Terraform",
            "delegation_set_id": "",
            "force_destroy": false,
            "id": "Z08275991X8QSJKGZI3UD",
            "name": "rockilus.com",
            "name_servers": [
              "ns-1307.awsdns-35.org",
              "ns-1924.awsdns-48.co.uk",
              "ns-418.awsdns-52.com",
              "ns-752.awsdns-30.net"
            ],
            "primary_name_server": "ns-1924.awsdns-48.co.uk",
            "tags": {
              "Compliance": "Healthcare",
              "DNSSECEnabled": "true",
              "Domain": "rockilus.com",
              "Environment": "prod",
              "ManagedBy": "Terraform",
              "Module": "route53",
              "Name": "rockilus-prod-hosted-zone",
              "Owner": "DevOps Team",
              "Project": "rockilus",
              "Purpose": "DNS Management"
            },
            "tags_all": {
              "Compliance": "Healthcare",
              "DNSSECEnabled": "true",
              "Domain": "rockilus.com",
              "Environment": "prod",
              "ManagedBy": "Terraform",
              "Module": "route53",
              "Name": "rockilus-prod-hosted-zone",
              "Owner": "DevOps Team",
              "Project": "rockilus",
              "Purpose": "DNS Management"
            },
            "timeouts": null,
            "vpc": [],
            "zone_id": "Z08275991X8QSJKGZI3UD"
          },
          "sensitive_attributes": [],
          "identity_schema_version": 0,
          "private": "eyJlMmJmYjczMC1lY2FhLTExZTYtOGY4OC0zNDM2M2JjN2M0YzAiOnsiY3JlYXRlIjoxODAwMDAwMDAwMDAwLCJkZWxldGUiOjE4MDAwMDAwMDAwMDAsInVwZGF0ZSI6MTgwMDAwMDAwMDAwMH19"
        }
      ]
    }
  ],
  "check_results": [
    {
      "object_kind": "var",
      "config_addr": "var.api_gateway_domain_name",
      "status": "pass",
      "objects": [
        {
          "object_addr": "var.api_gateway_domain_name",
          "status": "pass"
        }
      ]
    },
    {
      "object_kind": "var",
      "config_addr": "module.api_gateway.var.endpoint_type",
      "status": "pass",
      "objects": [
        {
          "object_addr": "module.api_gateway.var.endpoint_type",
          "status": "pass"
        }
      ]
    },
    {
      "object_kind": "var",
      "config_addr": "module.api_gateway.var.custom_domain_name",
      "status": "pass",
      "objects": [
        {
          "object_addr": "module.api_gateway.var.custom_domain_name",
          "status": "pass"
        }
      ]
    },
    {
      "object_kind": "var",
      "config_addr": "module.api_gateway.var.certificate_arn",
      "status": "pass",
      "objects": [
        {
          "object_addr": "module.api_gateway.var.certificate_arn",
          "status": "pass"
        }
      ]
    },
    {
      "object_kind": "var",
      "config_addr": "module.route53.var.domain_name",
      "status": "pass",
      "objects": [
        {
          "object_addr": "module.route53.var.domain_name",
          "status": "pass"
        }
      ]
    },
    {
      "object_kind": "var",
      "config_addr": "var.hosted_zone_domain",
      "status": "pass",
      "objects": [
        {
          "object_addr": "var.hosted_zone_domain",
          "status": "pass"
        }
      ]
    },
    {
      "object_kind": "var",
      "config_addr": "var.frontend_domain_name",
      "status": "pass",
      "objects": [
        {
          "object_addr": "var.frontend_domain_name",
          "status": "pass"
        }
      ]
    },
    {
      "object_kind": "var",
      "config_addr": "var.api_gateway_domain",
      "status": "unknown",
      "objects": null
    }
  ]
}
